
Microsoft Visual Studio Solution File, Format Version 12.00
# Visual Studio Version 16
VisualStudioVersion = 16.0.29424.173
MinimumVisualStudioVersion = 10.0.40219.1
Project("{9A19103F-16F7-4668-BE54-9A1E7A4F7556}") = "Accounts.RyanErskine.Dev", "Accounts.RyanErskine.Dev\Accounts.RyanErskine.Dev.csproj", "{93273088-92DD-4A6B-9FD0-6CBF62EE275E}"
EndProject
Project("{FAE04EC0-301F-11D3-BF4B-00C04F79EFBC}") = "Accounts.RyanErskine.Dev.DbUp", "Accounts.RyanErskine.Dev.DbUp\Accounts.RyanErskine.Dev.DbUp.csproj", "{C881898E-3054-43E4-B968-F2A31C190325}"
EndProject
Global
	GlobalSection(SolutionConfigurationPlatforms) = preSolution
		Debug|Any CPU = Debug|Any CPU
		Release|Any CPU = Release|Any CPU
	EndGlobalSection
	GlobalSection(ProjectConfigurationPlatforms) = postSolution
		{93273088-92DD-4A6B-9FD0-6CBF62EE275E}.Debug|Any CPU.ActiveCfg = Debug|Any CPU
		{93273088-92DD-4A6B-9FD0-6CBF62EE275E}.Debug|Any CPU.Build.0 = Debug|Any CPU
		{93273088-92DD-4A6B-9FD0-6CBF62EE275E}.Release|Any CPU.ActiveCfg = Release|Any CPU
		{93273088-92DD-4A6B-9FD0-6CBF62EE275E}.Release|Any CPU.Build.0 = Release|Any CPU
		{C881898E-3054-43E4-B968-F2A31C190325}.Debug|Any CPU.ActiveCfg = Debug|Any CPU
		{C881898E-3054-43E4-B968-F2A31C190325}.Debug|Any CPU.Build.0 = Debug|Any CPU
		{C881898E-3054-43E4-B968-F2A31C190325}.Release|Any CPU.ActiveCfg = Release|Any CPU
		{C881898E-3054-43E4-B968-F2A31C190325}.Release|Any CPU.Build.0 = Release|Any CPU
	EndGlobalSection
	GlobalSection(SolutionProperties) = preSolution
		HideSolutionNode = FALSE
	EndGlobalSection
	GlobalSection(ExtensibilityGlobals) = postSolution
		SolutionGuid = {35EA19BF-A1EC-4A62-B57B-C3DD653A7BFB}
	EndGlobalSection
EndGlobal
